
Microsoft Visual Studio Solution File, Format Version 12.00
# Visual Studio Version 17
VisualStudioVersion = 17.6.33815.320
MinimumVisualStudioVersion = 10.0.40219.1
Project("{FAE04EC0-301F-11D3-BF4B-00C04F79EFBC}") = "GuesstheNumber", "GuesstheNumber\GuesstheNumber.csproj", "{B20D58C8-1D39-4E34-8160-862EE0D3C116}"
EndProject
Global
	GlobalSection(SolutionConfigurationPlatforms) = preSolution
		Debug|Any CPU = Debug|Any CPU
		Release|Any CPU = Release|Any CPU
	EndGlobalSection
	GlobalSection(ProjectConfigurationPlatforms) = postSolution
		{B20D58C8-1D39-4E34-8160-862EE0D3C116}.Debug|Any CPU.ActiveCfg = Debug|Any CPU
		{B20D58C8-1D39-4E34-8160-862EE0D3C116}.Debug|Any CPU.Build.0 = Debug|Any CPU
		{B20D58C8-1D39-4E34-8160-862EE0D3C116}.Release|Any CPU.ActiveCfg = Release|Any CPU
		{B20D58C8-1D39-4E34-8160-862EE0D3C116}.Release|Any CPU.Build.0 = Release|Any CPU
	EndGlobalSection
	GlobalSection(SolutionProperties) = preSolution
		HideSolutionNode = FALSE
	EndGlobalSection
	GlobalSection(ExtensibilityGlobals) = postSolution
		SolutionGuid = {A15645D2-20D1-4BDA-A16A-A8E9BC32DF39}
	EndGlobalSection
EndGlobal
